version = 1
revision = 3
requires-python = ">=3.9, <4"
resolution-markers = [
    "python_full_version >= '3.10'",
    "python_full_version < '3.10'",
]

[[package]]
name = "click"
version = "8.1.8"
source = { registry = "https://pypi.org/simple" }
resolution-markers = [
    "python_full_version < '3.10'",
]
dependencies = [
    { name = "colorama", marker = "python_full_version < '3.10' and sys_platform == 'win32'" },
]
sdist = { url = "https://files.pythonhosted.org/packages/b9/2e/0090cbf739cee7d23781ad4b89a9894a41538e4fcf4c31dcdd705b78eb8b/click-8.1.8.tar.gz", hash = "sha256:ed53c9d8990d83c2a27deae68e4ee337473f6330c040a31d4225c9574d16096a", size = 226593, upload-time = "2024-12-21T18:38:44.339Z" }
wheels = [
    { url = "https://files.pythonhosted.org/packages/7e/d4/7ebdbd03970677812aac39c869717059dbb71a4cfc033ca6e5221787892c/click-8.1.8-py3-none-any.whl", hash = "sha256:63c132bbbed01578a06712a2d1f497bb62d9c1c0d329b7903a866228027263b2", size = 98188, upload-time = "2024-12-21T18:38:41.666Z" },
]

[[package]]
name = "click"
version = "8.3.0"
source = { registry = "https://pypi.org/simple" }
resolution-markers = [
    "python_full_version >= '3.10'",
]
dependencies = [
    { name = "colorama", marker = "python_full_version >= '3.10' and sys_platform == 'win32'" },
]
sdist = { url = "https://files.pythonhosted.org/packages/46/61/de6cd827efad202d7057d93e0fed9294b96952e188f7384832791c7b2254/click-8.3.0.tar.gz", hash = "sha256:e7b8232224eba16f4ebe410c25ced9f7875cb5f3263ffc93cc3e8da705e229c4", size = 276943, upload-time = "2025-09-18T17:32:23.696Z" }
wheels = [
    { url = "https://files.pythonhosted.org/packages/db/d3/9dcc0f5797f070ec8edf30fbadfb200e71d9db6b84d211e3b2085a7589a0/click-8.3.0-py3-none-any.whl", hash = "sha256:9b9f285302c6e3064f4330c05f05b81945b2a39544279343e6e7c5f27a9baddc", size = 107295, upload-time = "2025-09-18T17:32:22.42Z" },
]

[[package]]
name = "colorama"
version = "0.4.6"
source = { registry = "https://pypi.org/simple" }
sdist = { url = "https://files.pythonhosted.org/packages/d8/53/6f443c9a4a8358a93a6792e2acffb9d9d5cb0a5cfd8802644b7b1c9a02e4/colorama-0.4.6.tar.gz", hash = "sha256:08695f5cb7ed6e0531a20572697297273c47b8cae5a63ffc6d6ed5c201be6e44", size = 27697, upload-time = "2022-10-25T02:36:22.414Z" }
wheels = [
    { url = "https://files.pythonhosted.org/packages/d1/d6/3965ed04c63042e047cb6a3e6ed1a63a35087b6a609aa3a15ed8ac56c221/colorama-0.4.6-py2.py3-none-any.whl", hash = "sha256:4f1d9991f5acc0ca119f9d443620b77f9d6b33703e51011c16baf57afb285fc6", size = 25335, upload-time = "2022-10-25T02:36:20.889Z" },
]

[[package]]
name = "grpcio"
version = "1.75.1"
source = { registry = "https://pypi.org/simple" }
dependencies = [
    { name = "typing-extensions" },
]
sdist = { url = "https://files.pythonhosted.org/packages/9d/f7/8963848164c7604efb3a3e6ee457fdb3a469653e19002bd24742473254f8/grpcio-1.75.1.tar.gz", hash = "sha256:3e81d89ece99b9ace23a6916880baca613c03a799925afb2857887efa8b1b3d2", size = 12731327, upload-time = "2025-09-26T09:03:36.887Z" }
wheels = [
    { url = "https://files.pythonhosted.org/packages/51/57/89fd829fb00a6d0bee3fbcb2c8a7aa0252d908949b6ab58bfae99d39d77e/grpcio-1.75.1-cp310-cp310-linux_armv7l.whl", hash = "sha256:1712b5890b22547dd29f3215c5788d8fc759ce6dd0b85a6ba6e2731f2d04c088", size = 5705534, upload-time = "2025-09-26T09:00:52.225Z" },
    { url = "https://files.pythonhosted.org/packages/76/dd/2f8536e092551cf804e96bcda79ecfbc51560b214a0f5b7ebc253f0d4664/grpcio-1.75.1-cp310-cp310-macosx_11_0_universal2.whl", hash = "sha256:8d04e101bba4b55cea9954e4aa71c24153ba6182481b487ff376da28d4ba46cf", size = 11484103, upload-time = "2025-09-26T09:00:59.457Z" },
    { url = "https://files.pythonhosted.org/packages/9a/3d/affe2fb897804c98d56361138e73786af8f4dd876b9d9851cfe6342b53c8/grpcio-1.75.1-cp310-cp310-manylinux2014_aarch64.manylinux_2_17_aarch64.whl", hash = "sha256:683cfc70be0c1383449097cba637317e4737a357cfc185d887fd984206380403", size = 6289953, upload-time = "2025-09-26T09:01:03.699Z" },
    { url = "https://files.pythonhosted.org/packages/87/aa/0f40b7f47a0ff10d7e482bc3af22dac767c7ff27205915f08962d5ca87a2/grpcio-1.75.1-cp310-cp310-manylinux2014_i686.manylinux_2_17_i686.whl", hash = "sha256:491444c081a54dcd5e6ada57314321ae526377f498d4aa09d975c3241c5b9e1c", size = 6949785, upload-time = "2025-09-26T09:01:07.504Z" },
    { url = "https://files.pythonhosted.org/packages/a5/45/b04407e44050781821c84f26df71b3f7bc469923f92f9f8bc27f1406dbcc/grpcio-1.75.1-cp310-cp310-manylinux2014_x86_64.manylinux_2_17_x86_64.whl", hash = "sha256:ce08d4e112d0d38487c2b631ec8723deac9bc404e9c7b1011426af50a79999e4", size = 6465708, upload-time = "2025-09-26T09:01:11.028Z" },
    { url = "https://files.pythonhosted.org/packages/09/3e/4ae3ec0a4d20dcaafbb6e597defcde06399ccdc5b342f607323f3b47f0a3/grpcio-1.75.1-cp310-cp310-musllinux_1_2_aarch64.whl", hash = "sha256:5a2acda37fc926ccc4547977ac3e56b1df48fe200de968e8c8421f6e3093df6c", size = 7100912, upload-time = "2025-09-26T09:01:14.393Z" },
    { url = "https://files.pythonhosted.org/packages/34/3f/a9085dab5c313bb0cb853f222d095e2477b9b8490a03634cdd8d19daa5c3/grpcio-1.75.1-cp310-cp310-musllinux_1_2_i686.whl", hash = "sha256:745c5fe6bf05df6a04bf2d11552c7d867a2690759e7ab6b05c318a772739bd75", size = 8042497, upload-time = "2025-09-26T09:01:17.759Z" },
    { url = "https://files.pythonhosted.org/packages/c3/87/ea54eba931ab9ed3f999ba95f5d8d01a20221b664725bab2fe93e3dee848/grpcio-1.75.1-cp310-cp310-musllinux_1_2_x86_64.whl", hash = "sha256:259526a7159d39e2db40d566fe3e8f8e034d0fb2db5bf9c00e09aace655a4c2b", size = 7493284, upload-time = "2025-09-26T09:01:20.896Z" },
    { url = "https://files.pythonhosted.org/packages/b7/5e/287f1bf1a998f4ac46ef45d518de3b5da08b4e86c7cb5e1108cee30b0282/grpcio-1.75.1-cp310-cp310-win32.whl", hash = "sha256:f4b29b9aabe33fed5df0a85e5f13b09ff25e2c05bd5946d25270a8bd5682dac9", size = 3950809, upload-time = "2025-09-26T09:01:23.695Z" },
    { url = "https://files.pythonhosted.org/packages/a4/a2/3cbfc06a4ec160dc77403b29ecb5cf76ae329eb63204fea6a7c715f1dfdb/grpcio-1.75.1-cp310-cp310-win_amd64.whl", hash = "sha256:cf2e760978dcce7ff7d465cbc7e276c3157eedc4c27aa6de7b594c7a295d3d61", size = 4644704, upload-time = "2025-09-26T09:01:25.763Z" },
    { url = "https://files.pythonhosted.org/packages/0c/3c/35ca9747473a306bfad0cee04504953f7098527cd112a4ab55c55af9e7bd/grpcio-1.75.1-cp311-cp311-linux_armv7l.whl", hash = "sha256:573855ca2e58e35032aff30bfbd1ee103fbcf4472e4b28d4010757700918e326", size = 5709761, upload-time = "2025-09-26T09:01:28.528Z" },
    { url = "https://files.pythonhosted.org/packages/c9/2c/ecbcb4241e4edbe85ac2663f885726fea0e947767401288b50d8fdcb9200/grpcio-1.75.1-cp311-cp311-macosx_11_0_universal2.whl", hash = "sha256:6a4996a2c8accc37976dc142d5991adf60733e223e5c9a2219e157dc6a8fd3a2", size = 11496691, upload-time = "2025-09-26T09:01:31.214Z" },
    { url = "https://files.pythonhosted.org/packages/81/40/bc07aee2911f0d426fa53fe636216100c31a8ea65a400894f280274cb023/grpcio-1.75.1-cp311-cp311-manylinux2014_aarch64.manylinux_2_17_aarch64.whl", hash = "sha256:b1ea1bbe77ecbc1be00af2769f4ae4a88ce93be57a4f3eebd91087898ed749f9", size = 6296084, upload-time = "2025-09-26T09:01:34.596Z" },
    { url = "https://files.pythonhosted.org/packages/b8/d1/10c067f6c67396cbf46448b80f27583b5e8c4b46cdfbe18a2a02c2c2f290/grpcio-1.75.1-cp311-cp311-manylinux2014_i686.manylinux_2_17_i686.whl", hash = "sha256:e5b425aee54cc5e3e3c58f00731e8a33f5567965d478d516d35ef99fd648ab68", size = 6950403, upload-time = "2025-09-26T09:01:36.736Z" },
    { url = "https://files.pythonhosted.org/packages/3f/42/5f628abe360b84dfe8dd8f32be6b0606dc31dc04d3358eef27db791ea4d5/grpcio-1.75.1-cp311-cp311-manylinux2014_x86_64.manylinux_2_17_x86_64.whl", hash = "sha256:0049a7bf547dafaeeb1db17079ce79596c298bfe308fc084d023c8907a845b9a", size = 6470166, upload-time = "2025-09-26T09:01:39.474Z" },
    { url = "https://files.pythonhosted.org/packages/c3/93/a24035080251324019882ee2265cfde642d6476c0cf8eb207fc693fcebdc/grpcio-1.75.1-cp311-cp311-musllinux_1_2_aarch64.whl", hash = "sha256:5b8ea230c7f77c0a1a3208a04a1eda164633fb0767b4cefd65a01079b65e5b1f", size = 7107828, upload-time = "2025-09-26T09:01:41.782Z" },
    { url = "https://files.pythonhosted.org/packages/e4/f8/d18b984c1c9ba0318e3628dbbeb6af77a5007f02abc378c845070f2d3edd/grpcio-1.75.1-cp311-cp311-musllinux_1_2_i686.whl", hash = "sha256:36990d629c3c9fb41e546414e5af52d0a7af37ce7113d9682c46d7e2919e4cca", size = 8045421, upload-time = "2025-09-26T09:01:45.835Z" },
    { url = "https://files.pythonhosted.org/packages/7e/b6/4bf9aacff45deca5eac5562547ed212556b831064da77971a4e632917da3/grpcio-1.75.1-cp311-cp311-musllinux_1_2_x86_64.whl", hash = "sha256:b10ad908118d38c2453ade7ff790e5bce36580c3742919007a2a78e3a1e521ca", size = 7503290, upload-time = "2025-09-26T09:01:49.28Z" },
    { url = "https://files.pythonhosted.org/packages/3b/15/d8d69d10223cb54c887a2180bd29fe5fa2aec1d4995c8821f7aa6eaf72e4/grpcio-1.75.1-cp311-cp311-win32.whl", hash = "sha256:d6be2b5ee7bea656c954dcf6aa8093c6f0e6a3ef9945c99d99fcbfc88c5c0bfe", size = 3950631, upload-time = "2025-09-26T09:01:51.23Z" },
    { url = "https://files.pythonhosted.org/packages/8a/40/7b8642d45fff6f83300c24eaac0380a840e5e7fe0e8d80afd31b99d7134e/grpcio-1.75.1-cp311-cp311-win_amd64.whl", hash = "sha256:61c692fb05956b17dd6d1ab480f7f10ad0536dba3bc8fd4e3c7263dc244ed772", size = 4646131, upload-time = "2025-09-26T09:01:53.266Z" },
    { url = "https://files.pythonhosted.org/packages/3a/81/42be79e73a50aaa20af66731c2defeb0e8c9008d9935a64dd8ea8e8c44eb/grpcio-1.75.1-cp312-cp312-linux_armv7l.whl", hash = "sha256:7b888b33cd14085d86176b1628ad2fcbff94cfbbe7809465097aa0132e58b018", size = 5668314, upload-time = "2025-09-26T09:01:55.424Z" },
    { url = "https://files.pythonhosted.org/packages/c5/a7/3686ed15822fedc58c22f82b3a7403d9faf38d7c33de46d4de6f06e49426/grpcio-1.75.1-cp312-cp312-macosx_11_0_universal2.whl", hash = "sha256:8775036efe4ad2085975531d221535329f5dac99b6c2a854a995456098f99546", size = 11476125, upload-time = "2025-09-26T09:01:57.927Z" },
    { url = "https://files.pythonhosted.org/packages/14/85/21c71d674f03345ab183c634ecd889d3330177e27baea8d5d247a89b6442/grpcio-1.75.1-cp312-cp312-manylinux2014_aarch64.manylinux_2_17_aarch64.whl", hash = "sha256:bb658f703468d7fbb5dcc4037c65391b7dc34f808ac46ed9136c24fc5eeb041d", size = 6246335, upload-time = "2025-09-26T09:02:00.76Z" },
    { url = "https://files.pythonhosted.org/packages/fd/db/3beb661bc56a385ae4fa6b0e70f6b91ac99d47afb726fe76aaff87ebb116/grpcio-1.75.1-cp312-cp312-manylinux2014_i686.manylinux_2_17_i686.whl", hash = "sha256:4b7177a1cdb3c51b02b0c0a256b0a72fdab719600a693e0e9037949efffb200b", size = 6916309, upload-time = "2025-09-26T09:02:02.894Z" },
    { url = "https://files.pythonhosted.org/packages/1e/9c/eda9fe57f2b84343d44c1b66cf3831c973ba29b078b16a27d4587a1fdd47/grpcio-1.75.1-cp312-cp312-manylinux2014_x86_64.manylinux_2_17_x86_64.whl", hash = "sha256:7d4fa6ccc3ec2e68a04f7b883d354d7fea22a34c44ce535a2f0c0049cf626ddf", size = 6435419, upload-time = "2025-09-26T09:02:05.055Z" },
    { url = "https://files.pythonhosted.org/packages/c3/b8/090c98983e0a9d602e3f919a6e2d4e470a8b489452905f9a0fa472cac059/grpcio-1.75.1-cp312-cp312-musllinux_1_2_aarch64.whl", hash = "sha256:3d86880ecaeb5b2f0a8afa63824de93adb8ebe4e49d0e51442532f4e08add7d6", size = 7064893, upload-time = "2025-09-26T09:02:07.275Z" },
    { url = "https://files.pythonhosted.org/packages/ec/c0/6d53d4dbbd00f8bd81571f5478d8a95528b716e0eddb4217cc7cb45aae5f/grpcio-1.75.1-cp312-cp312-musllinux_1_2_i686.whl", hash = "sha256:a8041d2f9e8a742aeae96f4b047ee44e73619f4f9d24565e84d5446c623673b6", size = 8011922, upload-time = "2025-09-26T09:02:09.527Z" },
    { url = "https://files.pythonhosted.org/packages/f2/7c/48455b2d0c5949678d6982c3e31ea4d89df4e16131b03f7d5c590811cbe9/grpcio-1.75.1-cp312-cp312-musllinux_1_2_x86_64.whl", hash = "sha256:3652516048bf4c314ce12be37423c79829f46efffb390ad64149a10c6071e8de", size = 7466181, upload-time = "2025-09-26T09:02:12.279Z" },
    { url = "https://files.pythonhosted.org/packages/fd/12/04a0e79081e3170b6124f8cba9b6275871276be06c156ef981033f691880/grpcio-1.75.1-cp312-cp312-win32.whl", hash = "sha256:44b62345d8403975513af88da2f3d5cc76f73ca538ba46596f92a127c2aea945", size = 3938543, upload-time = "2025-09-26T09:02:14.77Z" },
    { url = "https://files.pythonhosted.org/packages/5f/d7/11350d9d7fb5adc73d2b0ebf6ac1cc70135577701e607407fe6739a90021/grpcio-1.75.1-cp312-cp312-win_amd64.whl", hash = "sha256:b1e191c5c465fa777d4cafbaacf0c01e0d5278022082c0abbd2ee1d6454ed94d", size = 4641938, upload-time = "2025-09-26T09:02:16.927Z" },
    { url = "https://files.pythonhosted.org/packages/46/74/bac4ab9f7722164afdf263ae31ba97b8174c667153510322a5eba4194c32/grpcio-1.75.1-cp313-cp313-linux_armv7l.whl", hash = "sha256:3bed22e750d91d53d9e31e0af35a7b0b51367e974e14a4ff229db5b207647884", size = 5672779, upload-time = "2025-09-26T09:02:19.11Z" },
    { url = "https://files.pythonhosted.org/packages/a6/52/d0483cfa667cddaa294e3ab88fd2c2a6e9dc1a1928c0e5911e2e54bd5b50/grpcio-1.75.1-cp313-cp313-macosx_11_0_universal2.whl", hash = "sha256:5b8f381eadcd6ecaa143a21e9e80a26424c76a0a9b3d546febe6648f3a36a5ac", size = 11470623, upload-time = "2025-09-26T09:02:22.117Z" },
    { url = "https://files.pythonhosted.org/packages/cf/e4/d1954dce2972e32384db6a30273275e8c8ea5a44b80347f9055589333b3f/grpcio-1.75.1-cp313-cp313-manylinux2014_aarch64.manylinux_2_17_aarch64.whl", hash = "sha256:5bf4001d3293e3414d0cf99ff9b1139106e57c3a66dfff0c5f60b2a6286ec133", size = 6248838, upload-time = "2025-09-26T09:02:26.426Z" },
    { url = "https://files.pythonhosted.org/packages/06/43/073363bf63826ba8077c335d797a8d026f129dc0912b69c42feaf8f0cd26/grpcio-1.75.1-cp313-cp313-manylinux2014_i686.manylinux_2_17_i686.whl", hash = "sha256:9f82ff474103e26351dacfe8d50214e7c9322960d8d07ba7fa1d05ff981c8b2d", size = 6922663, upload-time = "2025-09-26T09:02:28.724Z" },
    { url = "https://files.pythonhosted.org/packages/c2/6f/076ac0df6c359117676cacfa8a377e2abcecec6a6599a15a672d331f6680/grpcio-1.75.1-cp313-cp313-manylinux2014_x86_64.manylinux_2_17_x86_64.whl", hash = "sha256:0ee119f4f88d9f75414217823d21d75bfe0e6ed40135b0cbbfc6376bc9f7757d", size = 6436149, upload-time = "2025-09-26T09:02:30.971Z" },
    { url = "https://files.pythonhosted.org/packages/6b/27/1d08824f1d573fcb1fa35ede40d6020e68a04391709939e1c6f4193b445f/grpcio-1.75.1-cp313-cp313-musllinux_1_2_aarch64.whl", hash = "sha256:664eecc3abe6d916fa6cf8dd6b778e62fb264a70f3430a3180995bf2da935446", size = 7067989, upload-time = "2025-09-26T09:02:33.233Z" },
    { url = "https://files.pythonhosted.org/packages/c6/98/98594cf97b8713feb06a8cb04eeef60b4757e3e2fb91aa0d9161da769843/grpcio-1.75.1-cp313-cp313-musllinux_1_2_i686.whl", hash = "sha256:c32193fa08b2fbebf08fe08e84f8a0aad32d87c3ad42999c65e9449871b1c66e", size = 8010717, upload-time = "2025-09-26T09:02:36.011Z" },
    { url = "https://files.pythonhosted.org/packages/8c/7e/bb80b1bba03c12158f9254762cdf5cced4a9bc2e8ed51ed335915a5a06ef/grpcio-1.75.1-cp313-cp313-musllinux_1_2_x86_64.whl", hash = "sha256:5cebe13088b9254f6e615bcf1da9131d46cfa4e88039454aca9cb65f639bd3bc", size = 7463822, upload-time = "2025-09-26T09:02:38.26Z" },
    { url = "https://files.pythonhosted.org/packages/23/1c/1ea57fdc06927eb5640f6750c697f596f26183573069189eeaf6ef86ba2d/grpcio-1.75.1-cp313-cp313-win32.whl", hash = "sha256:4b4c678e7ed50f8ae8b8dbad15a865ee73ce12668b6aaf411bf3258b5bc3f970", size = 3938490, upload-time = "2025-09-26T09:02:40.268Z" },
    { url = "https://files.pythonhosted.org/packages/4b/24/fbb8ff1ccadfbf78ad2401c41aceaf02b0d782c084530d8871ddd69a2d49/grpcio-1.75.1-cp313-cp313-win_amd64.whl", hash = "sha256:5573f51e3f296a1bcf71e7a690c092845fb223072120f4bdb7a5b48e111def66", size = 4642538, upload-time = "2025-09-26T09:02:42.519Z" },
    { url = "https://files.pythonhosted.org/packages/f2/1b/9a0a5cecd24302b9fdbcd55d15ed6267e5f3d5b898ff9ac8cbe17ee76129/grpcio-1.75.1-cp314-cp314-linux_armv7l.whl", hash = "sha256:c05da79068dd96723793bffc8d0e64c45f316248417515f28d22204d9dae51c7", size = 5673319, upload-time = "2025-09-26T09:02:44.742Z" },
    { url = "https://files.pythonhosted.org/packages/c6/ec/9d6959429a83fbf5df8549c591a8a52bb313976f6646b79852c4884e3225/grpcio-1.75.1-cp314-cp314-macosx_11_0_universal2.whl", hash = "sha256:06373a94fd16ec287116a825161dca179a0402d0c60674ceeec8c9fba344fe66", size = 11480347, upload-time = "2025-09-26T09:02:47.539Z" },
    { url = "https://files.pythonhosted.org/packages/09/7a/26da709e42c4565c3d7bf999a9569da96243ce34a8271a968dee810a7cf1/grpcio-1.75.1-cp314-cp314-manylinux2014_aarch64.manylinux_2_17_aarch64.whl", hash = "sha256:4484f4b7287bdaa7a5b3980f3c7224c3c622669405d20f69549f5fb956ad0421", size = 6254706, upload-time = "2025-09-26T09:02:50.4Z" },
    { url = "https://files.pythonhosted.org/packages/f1/08/dcb26a319d3725f199c97e671d904d84ee5680de57d74c566a991cfab632/grpcio-1.75.1-cp314-cp314-manylinux2014_i686.manylinux_2_17_i686.whl", hash = "sha256:2720c239c1180eee69f7883c1d4c83fc1a495a2535b5fa322887c70bf02b16e8", size = 6922501, upload-time = "2025-09-26T09:02:52.711Z" },
    { url = "https://files.pythonhosted.org/packages/78/66/044d412c98408a5e23cb348845979a2d17a2e2b6c3c34c1ec91b920f49d0/grpcio-1.75.1-cp314-cp314-manylinux2014_x86_64.manylinux_2_17_x86_64.whl", hash = "sha256:07a554fa31c668cf0e7a188678ceeca3cb8fead29bbe455352e712ec33ca701c", size = 6437492, upload-time = "2025-09-26T09:02:55.542Z" },
    { url = "https://files.pythonhosted.org/packages/4e/9d/5e3e362815152aa1afd8b26ea613effa005962f9da0eec6e0e4527e7a7d1/grpcio-1.75.1-cp314-cp314-musllinux_1_2_aarch64.whl", hash = "sha256:3e71a2105210366bfc398eef7f57a664df99194f3520edb88b9c3a7e46ee0d64", size = 7081061, upload-time = "2025-09-26T09:02:58.261Z" },
    { url = "https://files.pythonhosted.org/packages/1e/1a/46615682a19e100f46e31ddba9ebc297c5a5ab9ddb47b35443ffadb8776c/grpcio-1.75.1-cp314-cp314-musllinux_1_2_i686.whl", hash = "sha256:8679aa8a5b67976776d3c6b0521e99d1c34db8a312a12bcfd78a7085cb9b604e", size = 8010849, upload-time = "2025-09-26T09:03:00.548Z" },
    { url = "https://files.pythonhosted.org/packages/67/8e/3204b94ac30b0f675ab1c06540ab5578660dc8b690db71854d3116f20d00/grpcio-1.75.1-cp314-cp314-musllinux_1_2_x86_64.whl", hash = "sha256:aad1c774f4ebf0696a7f148a56d39a3432550612597331792528895258966dc0", size = 7464478, upload-time = "2025-09-26T09:03:03.096Z" },
    { url = "https://files.pythonhosted.org/packages/b7/97/2d90652b213863b2cf466d9c1260ca7e7b67a16780431b3eb1d0420e3d5b/grpcio-1.75.1-cp314-cp314-win32.whl", hash = "sha256:62ce42d9994446b307649cb2a23335fa8e927f7ab2cbf5fcb844d6acb4d85f9c", size = 4012672, upload-time = "2025-09-26T09:03:05.477Z" },
    { url = "https://files.pythonhosted.org/packages/f9/df/e2e6e9fc1c985cd1a59e6996a05647c720fe8a03b92f5ec2d60d366c531e/grpcio-1.75.1-cp314-cp314-win_amd64.whl", hash = "sha256:f86e92275710bea3000cb79feca1762dc0ad3b27830dd1a74e82ab321d4ee464", size = 4772475, upload-time = "2025-09-26T09:03:07.661Z" },
    { url = "https://files.pythonhosted.org/packages/8f/e2/33efd823a879dc7b60c10192df1900ee5c200f8e782663a41a3b2aecd143/grpcio-1.75.1-cp39-cp39-linux_armv7l.whl", hash = "sha256:c09fba33327c3ac11b5c33dbdd8218eef8990d78f83b1656d628831812a8c0fb", size = 5706679, upload-time = "2025-09-26T09:03:10.218Z" },
    { url = "https://files.pythonhosted.org/packages/5f/13/17e39ee4897f1cd12dd463e863b830e64643b13e9a4af5062b4a6f0790be/grpcio-1.75.1-cp39-cp39-macosx_11_0_universal2.whl", hash = "sha256:7e21400b037be29545704889e72e586c238e346dcb2d08d8a7288d16c883a9ec", size = 11490271, upload-time = "2025-09-26T09:03:12.778Z" },
    { url = "https://files.pythonhosted.org/packages/77/90/b80e75f8cce758425b2772742eed4e9db765a965d902ba4b7f239b2513de/grpcio-1.75.1-cp39-cp39-manylinux2014_aarch64.manylinux_2_17_aarch64.whl", hash = "sha256:c12121e509b9f8b0914d10054d24120237d19e870b1cd82acbb8a9b9ddd198a3", size = 6291926, upload-time = "2025-09-26T09:03:16.282Z" },
    { url = "https://files.pythonhosted.org/packages/40/5f/e6033d8f99063350e20873a46225468b73045b9ef2c8cba73d66a87c3fd5/grpcio-1.75.1-cp39-cp39-manylinux2014_i686.manylinux_2_17_i686.whl", hash = "sha256:73577a93e692b3474b1bfe84285d098de36705dbd838bb4d6a056d326e4dc880", size = 6950040, upload-time = "2025-09-26T09:03:18.874Z" },
    { url = "https://files.pythonhosted.org/packages/01/12/34076c079b45af5aed40f037fffe388d7fbe90dd539ed01e4744c926d227/grpcio-1.75.1-cp39-cp39-manylinux2014_x86_64.manylinux_2_17_x86_64.whl", hash = "sha256:e19e7dfa0d7ca7dea22be464339e18ac608fd75d88c56770c646cdabe54bc724", size = 6465780, upload-time = "2025-09-26T09:03:21.219Z" },
    { url = "https://files.pythonhosted.org/packages/e4/c5/ee6fd69a9f6e7288d04da010ad7480a0566d2aac81097ff4dafbc5ffa9b6/grpcio-1.75.1-cp39-cp39-musllinux_1_2_aarch64.whl", hash = "sha256:4e1c28f51c1cf67eccdfc1065e8e866c9ed622f09773ca60947089c117f848a1", size = 7098308, upload-time = "2025-09-26T09:03:23.875Z" },
    { url = "https://files.pythonhosted.org/packages/78/32/f2be13f13035361768923159fe20470a7d22db2c7c692b952e21284f56e5/grpcio-1.75.1-cp39-cp39-musllinux_1_2_i686.whl", hash = "sha256:030a6164bc2ca726052778c0cf8e3249617a34e368354f9e6107c27ad4af8c28", size = 8042268, upload-time = "2025-09-26T09:03:26.268Z" },
    { url = "https://files.pythonhosted.org/packages/e7/2d/1bb0572f0a2eaab100b4635c6c2cd0d37e3cda5554037e3f90b1bc428d56/grpcio-1.75.1-cp39-cp39-musllinux_1_2_x86_64.whl", hash = "sha256:67697efef5a98d46d5db7b1720fa4043536f8b8e5072a5d61cfca762f287e939", size = 7491470, upload-time = "2025-09-26T09:03:28.906Z" },
    { url = "https://files.pythonhosted.org/packages/aa/e0/1e962dcb64019bbd87eedcfacdedb83af0f66da01f2f6e03d69b0aa1b7f0/grpcio-1.75.1-cp39-cp39-win32.whl", hash = "sha256:52015cf73eb5d76f6404e0ce0505a69b51fd1f35810b3a01233b34b10baafb41", size = 3951697, upload-time = "2025-09-26T09:03:31.535Z" },
    { url = "https://files.pythonhosted.org/packages/87/bc/47fb3aaa77e7d657999937ec1026beba9e37f3199599fe510f762d31da97/grpcio-1.75.1-cp39-cp39-win_amd64.whl", hash = "sha256:9fe51e4a1f896ea84ac750900eae34d9e9b896b5b1e4a30b02dc31ad29f36383", size = 4645764, upload-time = "2025-09-26T09:03:34.071Z" },
]

[[package]]
name = "grpcio-tools"
version = "1.71.2"
source = { registry = "https://pypi.org/simple" }
dependencies = [
    { name = "grpcio" },
    { name = "protobuf" },
    { name = "setuptools" },
]
sdist = { url = "https://files.pythonhosted.org/packages/ad/9a/edfefb47f11ef6b0f39eea4d8f022c5bb05ac1d14fcc7058e84a51305b73/grpcio_tools-1.71.2.tar.gz", hash = "sha256:b5304d65c7569b21270b568e404a5a843cf027c66552a6a0978b23f137679c09", size = 5330655, upload-time = "2025-06-28T04:22:00.308Z" }
wheels = [
    { url = "https://files.pythonhosted.org/packages/dd/ad/e74a4d1cffff628c2ef1ec5b9944fb098207cc4af6eb8db4bc52e6d99236/grpcio_tools-1.71.2-cp310-cp310-linux_armv7l.whl", hash = "sha256:ab8a28c2e795520d6dc6ffd7efaef4565026dbf9b4f5270de2f3dd1ce61d2318", size = 2385557, upload-time = "2025-06-28T04:20:38.833Z" },
    { url = "https://files.pythonhosted.org/packages/63/bf/30b63418279d6fdc4fd4a3781a7976c40c7e8ee052333b9ce6bd4ce63f30/grpcio_tools-1.71.2-cp310-cp310-macosx_10_14_universal2.whl", hash = "sha256:654ecb284a592d39a85556098b8c5125163435472a20ead79b805cf91814b99e", size = 5446915, upload-time = "2025-06-28T04:20:40.947Z" },
    { url = "https://files.pythonhosted.org/packages/83/cd/2994e0a0a67714fdb00c207c4bec60b9b356fbd6b0b7a162ecaabe925155/grpcio_tools-1.71.2-cp310-cp310-manylinux_2_17_aarch64.whl", hash = "sha256:b49aded2b6c890ff690d960e4399a336c652315c6342232c27bd601b3705739e", size = 2348301, upload-time = "2025-06-28T04:20:42.766Z" },
    { url = "https://files.pythonhosted.org/packages/5b/8b/4f2315927af306af1b35793b332b9ca9dc5b5a2cde2d55811c9577b5f03f/grpcio_tools-1.71.2-cp310-cp310-manylinux_2_17_i686.manylinux2014_i686.whl", hash = "sha256:a7811a6fc1c4b4e5438e5eb98dbd52c2dc4a69d1009001c13356e6636322d41a", size = 2742159, upload-time = "2025-06-28T04:20:44.206Z" },
    { url = "https://files.pythonhosted.org/packages/8d/98/d513f6c09df405c82583e7083c20718ea615ed0da69ec42c80ceae7ebdc5/grpcio_tools-1.71.2-cp310-cp310-manylinux_2_17_x86_64.manylinux2014_x86_64.whl", hash = "sha256:393a9c80596aa2b3f05af854e23336ea8c295593bbb35d9adae3d8d7943672bd", size = 2473444, upload-time = "2025-06-28T04:20:45.5Z" },
    { url = "https://files.pythonhosted.org/packages/fa/fe/00af17cc841916d5e4227f11036bf443ce006629212c876937c7904b0ba3/grpcio_tools-1.71.2-cp310-cp310-musllinux_1_1_aarch64.whl", hash = "sha256:823e1f23c12da00f318404c4a834bb77cd150d14387dee9789ec21b335249e46", size = 2850339, upload-time = "2025-06-28T04:20:46.758Z" },
    { url = "https://files.pythonhosted.org/packages/7d/59/745fc50dfdbed875fcfd6433883270d39d23fb1aa4ecc9587786f772dce3/grpcio_tools-1.71.2-cp310-cp310-musllinux_1_1_i686.whl", hash = "sha256:9bfbea79d6aec60f2587133ba766ede3dc3e229641d1a1e61d790d742a3d19eb", size = 3300795, upload-time = "2025-06-28T04:20:48.327Z" },
    { url = "https://files.pythonhosted.org/packages/62/3e/d9d0fb2df78e601c28d02ef0cd5d007f113c1b04fc21e72bf56e8c3df66b/grpcio_tools-1.71.2-cp310-cp310-musllinux_1_1_x86_64.whl", hash = "sha256:32f3a67b10728835b5ffb63fbdbe696d00e19a27561b9cf5153e72dbb93021ba", size = 2913729, upload-time = "2025-06-28T04:20:49.641Z" },
    { url = "https://files.pythonhosted.org/packages/09/ae/ddb264b4a10c6c10336a7c177f8738b230c2c473d0c91dd5d8ce8ea1b857/grpcio_tools-1.71.2-cp310-cp310-win32.whl", hash = "sha256:7fcf9d92c710bfc93a1c0115f25e7d49a65032ff662b38b2f704668ce0a938df", size = 945997, upload-time = "2025-06-28T04:20:50.9Z" },
    { url = "https://files.pythonhosted.org/packages/ad/8d/5efd93698fe359f63719d934ebb2d9337e82d396e13d6bf00f4b06793e37/grpcio_tools-1.71.2-cp310-cp310-win_amd64.whl", hash = "sha256:914b4275be810290266e62349f2d020bb7cc6ecf9edb81da3c5cddb61a95721b", size = 1117474, upload-time = "2025-06-28T04:20:52.54Z" },
    { url = "https://files.pythonhosted.org/packages/17/e4/0568d38b8da6237ea8ea15abb960fb7ab83eb7bb51e0ea5926dab3d865b1/grpcio_tools-1.71.2-cp311-cp311-linux_armv7l.whl", hash = "sha256:0acb8151ea866be5b35233877fbee6445c36644c0aa77e230c9d1b46bf34b18b", size = 2385557, upload-time = "2025-06-28T04:20:54.323Z" },
    { url = "https://files.pythonhosted.org/packages/76/fb/700d46f72b0f636cf0e625f3c18a4f74543ff127471377e49a071f64f1e7/grpcio_tools-1.71.2-cp311-cp311-macosx_10_14_universal2.whl", hash = "sha256:b28f8606f4123edb4e6da281547465d6e449e89f0c943c376d1732dc65e6d8b3", size = 5447590, upload-time = "2025-06-28T04:20:55.836Z" },
    { url = "https://files.pythonhosted.org/packages/12/69/d9bb2aec3de305162b23c5c884b9f79b1a195d42b1e6dabcc084cc9d0804/grpcio_tools-1.71.2-cp311-cp311-manylinux_2_17_aarch64.whl", hash = "sha256:cbae6f849ad2d1f5e26cd55448b9828e678cb947fa32c8729d01998238266a6a", size = 2348495, upload-time = "2025-06-28T04:20:57.33Z" },
    { url = "https://files.pythonhosted.org/packages/d5/83/f840aba1690461b65330efbca96170893ee02fae66651bcc75f28b33a46c/grpcio_tools-1.71.2-cp311-cp311-manylinux_2_17_i686.manylinux2014_i686.whl", hash = "sha256:e4d1027615cfb1e9b1f31f2f384251c847d68c2f3e025697e5f5c72e26ed1316", size = 2742333, upload-time = "2025-06-28T04:20:59.051Z" },
    { url = "https://files.pythonhosted.org/packages/30/34/c02cd9b37de26045190ba665ee6ab8597d47f033d098968f812d253bbf8c/grpcio_tools-1.71.2-cp311-cp311-manylinux_2_17_x86_64.manylinux2014_x86_64.whl", hash = "sha256:9bac95662dc69338edb9eb727cc3dd92342131b84b12b3e8ec6abe973d4cbf1b", size = 2473490, upload-time = "2025-06-28T04:21:00.614Z" },
    { url = "https://files.pythonhosted.org/packages/4d/c7/375718ae091c8f5776828ce97bdcb014ca26244296f8b7f70af1a803ed2f/grpcio_tools-1.71.2-cp311-cp311-musllinux_1_1_aarch64.whl", hash = "sha256:c50250c7248055040f89eb29ecad39d3a260a4b6d3696af1575945f7a8d5dcdc", size = 2850333, upload-time = "2025-06-28T04:21:01.95Z" },
    { url = "https://files.pythonhosted.org/packages/19/37/efc69345bd92a73b2bc80f4f9e53d42dfdc234b2491ae58c87da20ca0ea5/grpcio_tools-1.71.2-cp311-cp311-musllinux_1_1_i686.whl", hash = "sha256:6ab1ad955e69027ef12ace4d700c5fc36341bdc2f420e87881e9d6d02af3d7b8", size = 3300748, upload-time = "2025-06-28T04:21:03.451Z" },
    { url = "https://files.pythonhosted.org/packages/d2/1f/15f787eb25ae42086f55ed3e4260e85f385921c788debf0f7583b34446e3/grpcio_tools-1.71.2-cp311-cp311-musllinux_1_1_x86_64.whl", hash = "sha256:dd75dde575781262b6b96cc6d0b2ac6002b2f50882bf5e06713f1bf364ee6e09", size = 2913178, upload-time = "2025-06-28T04:21:04.879Z" },
    { url = "https://files.pythonhosted.org/packages/12/aa/69cb3a9dff7d143a05e4021c3c9b5cde07aacb8eb1c892b7c5b9fb4973e3/grpcio_tools-1.71.2-cp311-cp311-win32.whl", hash = "sha256:9a3cb244d2bfe0d187f858c5408d17cb0e76ca60ec9a274c8fd94cc81457c7fc", size = 946256, upload-time = "2025-06-28T04:21:06.518Z" },
    { url = "https://files.pythonhosted.org/packages/1e/df/fb951c5c87eadb507a832243942e56e67d50d7667b0e5324616ffd51b845/grpcio_tools-1.71.2-cp311-cp311-win_amd64.whl", hash = "sha256:00eb909997fd359a39b789342b476cbe291f4dd9c01ae9887a474f35972a257e", size = 1117661, upload-time = "2025-06-28T04:21:08.18Z" },
    { url = "https://files.pythonhosted.org/packages/9c/d3/3ed30a9c5b2424627b4b8411e2cd6a1a3f997d3812dbc6a8630a78bcfe26/grpcio_tools-1.71.2-cp312-cp312-linux_armv7l.whl", hash = "sha256:bfc0b5d289e383bc7d317f0e64c9dfb59dc4bef078ecd23afa1a816358fb1473", size = 2385479, upload-time = "2025-06-28T04:21:10.413Z" },
    { url = "https://files.pythonhosted.org/packages/54/61/e0b7295456c7e21ef777eae60403c06835160c8d0e1e58ebfc7d024c51d3/grpcio_tools-1.71.2-cp312-cp312-macosx_14_0_arm64.whl", hash = "sha256:b4669827716355fa913b1376b1b985855d5cfdb63443f8d18faf210180199006", size = 5431521, upload-time = "2025-06-28T04:21:12.261Z" },
    { url = "https://files.pythonhosted.org/packages/75/d7/7bcad6bcc5f5b7fab53e6bce5db87041f38ef3e740b1ec2d8c49534fa286/grpcio_tools-1.71.2-cp312-cp312-manylinux_2_17_aarch64.whl", hash = "sha256:d4071f9b44564e3f75cdf0f05b10b3e8c7ea0ca5220acbf4dc50b148552eef2f", size = 2350289, upload-time = "2025-06-28T04:21:13.625Z" },
    { url = "https://files.pythonhosted.org/packages/b2/8a/e4c1c4cb8c9ff7f50b7b2bba94abe8d1e98ea05f52a5db476e7f1c1a3c70/grpcio_tools-1.71.2-cp312-cp312-manylinux_2_17_i686.manylinux2014_i686.whl", hash = "sha256:a28eda8137d587eb30081384c256f5e5de7feda34776f89848b846da64e4be35", size = 2743321, upload-time = "2025-06-28T04:21:15.007Z" },
    { url = "https://files.pythonhosted.org/packages/fd/aa/95bc77fda5c2d56fb4a318c1b22bdba8914d5d84602525c99047114de531/grpcio_tools-1.71.2-cp312-cp312-manylinux_2_17_x86_64.manylinux2014_x86_64.whl", hash = "sha256:b19c083198f5eb15cc69c0a2f2c415540cbc636bfe76cea268e5894f34023b40", size = 2474005, upload-time = "2025-06-28T04:21:16.443Z" },
    { url = "https://files.pythonhosted.org/packages/c9/ff/ca11f930fe1daa799ee0ce1ac9630d58a3a3deed3dd2f465edb9a32f299d/grpcio_tools-1.71.2-cp312-cp312-musllinux_1_1_aarch64.whl", hash = "sha256:784c284acda0d925052be19053d35afbf78300f4d025836d424cf632404f676a", size = 2851559, upload-time = "2025-06-28T04:21:18.139Z" },
    { url = "https://files.pythonhosted.org/packages/64/10/c6fc97914c7e19c9bb061722e55052fa3f575165da9f6510e2038d6e8643/grpcio_tools-1.71.2-cp312-cp312-musllinux_1_1_i686.whl", hash = "sha256:381e684d29a5d052194e095546eef067201f5af30fd99b07b5d94766f44bf1ae", size = 3300622, upload-time = "2025-06-28T04:21:20.291Z" },
    { url = "https://files.pythonhosted.org/packages/e5/d6/965f36cfc367c276799b730d5dd1311b90a54a33726e561393b808339b04/grpcio_tools-1.71.2-cp312-cp312-musllinux_1_1_x86_64.whl", hash = "sha256:3e4b4801fabd0427fc61d50d09588a01b1cfab0ec5e8a5f5d515fbdd0891fd11", size = 2913863, upload-time = "2025-06-28T04:21:22.196Z" },
    { url = "https://files.pythonhosted.org/packages/8d/f0/c05d5c3d0c1d79ac87df964e9d36f1e3a77b60d948af65bec35d3e5c75a3/grpcio_tools-1.71.2-cp312-cp312-win32.whl", hash = "sha256:84ad86332c44572305138eafa4cc30040c9a5e81826993eae8227863b700b490", size = 945744, upload-time = "2025-06-28T04:21:23.463Z" },
    { url = "https://files.pythonhosted.org/packages/e2/e9/c84c1078f0b7af7d8a40f5214a9bdd8d2a567ad6c09975e6e2613a08d29d/grpcio_tools-1.71.2-cp312-cp312-win_amd64.whl", hash = "sha256:8e1108d37eecc73b1c4a27350a6ed921b5dda25091700c1da17cfe30761cd462", size = 1117695, upload-time = "2025-06-28T04:21:25.22Z" },
    { url = "https://files.pythonhosted.org/packages/60/9c/bdf9c5055a1ad0a09123402d73ecad3629f75b9cf97828d547173b328891/grpcio_tools-1.71.2-cp313-cp313-linux_armv7l.whl", hash = "sha256:b0f0a8611614949c906e25c225e3360551b488d10a366c96d89856bcef09f729", size = 2384758, upload-time = "2025-06-28T04:21:26.712Z" },
    { url = "https://files.pythonhosted.org/packages/49/d0/6aaee4940a8fb8269c13719f56d69c8d39569bee272924086aef81616d4a/grpcio_tools-1.71.2-cp313-cp313-macosx_10_14_universal2.whl", hash = "sha256:7931783ea7ac42ac57f94c5047d00a504f72fbd96118bf7df911bb0e0435fc0f", size = 5443127, upload-time = "2025-06-28T04:21:28.383Z" },
    { url = "https://files.pythonhosted.org/packages/d9/11/50a471dcf301b89c0ed5ab92c533baced5bd8f796abfd133bbfadf6b60e5/grpcio_tools-1.71.2-cp313-cp313-manylinux_2_17_aarch64.whl", hash = "sha256:d188dc28e069aa96bb48cb11b1338e47ebdf2e2306afa58a8162cc210172d7a8", size = 2349627, upload-time = "2025-06-28T04:21:30.254Z" },
    { url = "https://files.pythonhosted.org/packages/bb/66/e3dc58362a9c4c2fbe98a7ceb7e252385777ebb2bbc7f42d5ab138d07ace/grpcio_tools-1.71.2-cp313-cp313-manylinux_2_17_i686.manylinux2014_i686.whl", hash = "sha256:f36c4b3cc42ad6ef67430639174aaf4a862d236c03c4552c4521501422bfaa26", size = 2742932, upload-time = "2025-06-28T04:21:32.325Z" },
    { url = "https://files.pythonhosted.org/packages/b7/1e/1e07a07ed8651a2aa9f56095411198385a04a628beba796f36d98a5a03ec/grpcio_tools-1.71.2-cp313-cp313-manylinux_2_17_x86_64.manylinux2014_x86_64.whl", hash = "sha256:4bd9ed12ce93b310f0cef304176049d0bc3b9f825e9c8c6a23e35867fed6affd", size = 2473627, upload-time = "2025-06-28T04:21:33.752Z" },
    { url = "https://files.pythonhosted.org/packages/d3/f9/3b7b32e4acb419f3a0b4d381bc114fe6cd48e3b778e81273fc9e4748caad/grpcio_tools-1.71.2-cp313-cp313-musllinux_1_1_aarch64.whl", hash = "sha256:7ce27e76dd61011182d39abca38bae55d8a277e9b7fe30f6d5466255baccb579", size = 2850879, upload-time = "2025-06-28T04:21:35.241Z" },
    { url = "https://files.pythonhosted.org/packages/1e/99/cd9e1acd84315ce05ad1fcdfabf73b7df43807cf00c3b781db372d92b899/grpcio_tools-1.71.2-cp313-cp313-musllinux_1_1_i686.whl", hash = "sha256:dcc17bf59b85c3676818f2219deacac0156492f32ca165e048427d2d3e6e1157", size = 3300216, upload-time = "2025-06-28T04:21:36.826Z" },
    { url = "https://files.pythonhosted.org/packages/9f/c0/66eab57b14550c5b22404dbf60635c9e33efa003bd747211981a9859b94b/grpcio_tools-1.71.2-cp313-cp313-musllinux_1_1_x86_64.whl", hash = "sha256:706360c71bdd722682927a1fb517c276ccb816f1e30cb71f33553e5817dc4031", size = 2913521, upload-time = "2025-06-28T04:21:38.347Z" },
    { url = "https://files.pythonhosted.org/packages/05/9b/7c90af8f937d77005625d705ab1160bc42a7e7b021ee5c788192763bccd6/grpcio_tools-1.71.2-cp313-cp313-win32.whl", hash = "sha256:bcf751d5a81c918c26adb2d6abcef71035c77d6eb9dd16afaf176ee096e22c1d", size = 945322, upload-time = "2025-06-28T04:21:39.864Z" },
    { url = "https://files.pythonhosted.org/packages/5f/80/6db6247f767c94fe551761772f89ceea355ff295fd4574cb8efc8b2d1199/grpcio_tools-1.71.2-cp313-cp313-win_amd64.whl", hash = "sha256:b1581a1133552aba96a730178bc44f6f1a071f0eb81c5b6bc4c0f89f5314e2b8", size = 1117234, upload-time = "2025-06-28T04:21:41.893Z" },
    { url = "https://files.pythonhosted.org/packages/c1/80/d1f60c9122d473cf357ea5763bca44c3216dd96caf4da3790cef7a8e92da/grpcio_tools-1.71.2-cp39-cp39-linux_armv7l.whl", hash = "sha256:344aa8973850bc36fd0ce81aa6443bd5ab41dc3a25903b36cd1e70f71ceb53c9", size = 2385641, upload-time = "2025-06-28T04:21:43.826Z" },
    { url = "https://files.pythonhosted.org/packages/87/a2/7d14b8820a5d7ada023bc4ad5ab8827a17acb3d3b0a3cc2eb298fbe6685a/grpcio_tools-1.71.2-cp39-cp39-macosx_10_14_universal2.whl", hash = "sha256:4d32450a4c8a97567b32154379d97398b7eba090bce756aff57aef5d80d8c953", size = 5448004, upload-time = "2025-06-28T04:21:45.84Z" },
    { url = "https://files.pythonhosted.org/packages/c7/71/b6c5d96ec3e2159100dc150d65b97cb4c64ab7b546fe9543edc794258c36/grpcio_tools-1.71.2-cp39-cp39-manylinux_2_17_aarch64.whl", hash = "sha256:f596dbc1e46f9e739e09af553bf3c3321be3d603e579f38ffa9f2e0e4a25f4f7", size = 2349258, upload-time = "2025-06-28T04:21:47.962Z" },
    { url = "https://files.pythonhosted.org/packages/c2/a6/de0124b08a71c3a01a928c4ad79f965a2c5930f96e92a5fe4a67addd5801/grpcio_tools-1.71.2-cp39-cp39-manylinux_2_17_i686.manylinux2014_i686.whl", hash = "sha256:d7723ff599104188cb870d01406b65e67e2493578347cc13d50e9dc372db36ef", size = 2742628, upload-time = "2025-06-28T04:21:49.399Z" },
    { url = "https://files.pythonhosted.org/packages/63/93/76a9aa5859d6e72ff9ddf7b6aa7cafa3c96f960b5fb52f7a3ce5b9019e59/grpcio_tools-1.71.2-cp39-cp39-manylinux_2_17_x86_64.manylinux2014_x86_64.whl", hash = "sha256:948b018b6b69641b10864a3f19dd3c2b7ca3dfce4460eb836ab28b058e7deb3e", size = 2474173, upload-time = "2025-06-28T04:21:50.965Z" },
    { url = "https://files.pythonhosted.org/packages/9f/5c/b96571881bd0819a6c5aaf7e9911d1eb8c192a6259e9b55ef16d7284e41a/grpcio_tools-1.71.2-cp39-cp39-musllinux_1_1_aarch64.whl", hash = "sha256:0dd058c06ce95a99f78851c05db30af507227878013d46a8339e44fb24855ff7", size = 2851495, upload-time = "2025-06-28T04:21:52.574Z" },
    { url = "https://files.pythonhosted.org/packages/f4/ec/aae1e3f75e5c0dcee452b053117532cfafcca86f8497040ab150a26b0600/grpcio_tools-1.71.2-cp39-cp39-musllinux_1_1_i686.whl", hash = "sha256:b3312bdd5952bba2ef8e4314b2e2f886fa23b2f6d605cd56097605ae65d30515", size = 3301170, upload-time = "2025-06-28T04:21:54.06Z" },
    { url = "https://files.pythonhosted.org/packages/07/2b/5ba649cdda68b34d189301c66e149af1886c82a94fa2040ac3330ded46f0/grpcio_tools-1.71.2-cp39-cp39-musllinux_1_1_x86_64.whl", hash = "sha256:085de63843946b967ae561e7dd832fa03147f01282f462a0a0cbe1571d9ee986", size = 2913866, upload-time = "2025-06-28T04:21:55.589Z" },
    { url = "https://files.pythonhosted.org/packages/dc/8d/a0f0f68ef8848daf4e85cd75876891f358dc35194a090669fca14029c235/grpcio_tools-1.71.2-cp39-cp39-win32.whl", hash = "sha256:c1ff5f79f49768d4c561508b62878f27198b3420a87390e0c51969b8dbfcfca8", size = 946082, upload-time = "2025-06-28T04:21:57.176Z" },
    { url = "https://files.pythonhosted.org/packages/5b/9f/94fa8421d48f8aed87f64bdc87e006249eb11d34a75c4aa8d728a0324650/grpcio_tools-1.71.2-cp39-cp39-win_amd64.whl", hash = "sha256:c3e02b345cf96673dcf77599a61482f68c318a62c9cde20a5ae0882619ff8c98", size = 1117954, upload-time = "2025-06-28T04:21:58.61Z" },
]

[[package]]
name = "mypy-protobuf"
version = "3.6.0"
source = { registry = "https://pypi.org/simple" }
dependencies = [
    { name = "protobuf" },
    { name = "types-protobuf" },
]
sdist = { url = "https://files.pythonhosted.org/packages/4d/6f/282d64d66bf48ce60e38a6560753f784e0f88ab245ac2fb5e93f701a36cd/mypy-protobuf-3.6.0.tar.gz", hash = "sha256:02f242eb3409f66889f2b1a3aa58356ec4d909cdd0f93115622e9e70366eca3c", size = 24445, upload-time = "2024-04-01T20:24:42.837Z" }
wheels = [
    { url = "https://files.pythonhosted.org/packages/e8/73/d6b999782ae22f16971cc05378b3b33f6a89ede3b9619e8366aa23484bca/mypy_protobuf-3.6.0-py3-none-any.whl", hash = "sha256:56176e4d569070e7350ea620262478b49b7efceba4103d468448f1d21492fd6c", size = 16434, upload-time = "2024-04-01T20:24:40.583Z" },
]

[[package]]
name = "protobuf"
version = "5.29.5"
source = { registry = "https://pypi.org/simple" }
sdist = { url = "https://files.pythonhosted.org/packages/43/29/d09e70352e4e88c9c7a198d5645d7277811448d76c23b00345670f7c8a38/protobuf-5.29.5.tar.gz", hash = "sha256:bc1463bafd4b0929216c35f437a8e28731a2b7fe3d98bb77a600efced5a15c84", size = 425226, upload-time = "2025-05-28T23:51:59.82Z" }
wheels = [
    { url = "https://files.pythonhosted.org/packages/5f/11/6e40e9fc5bba02988a214c07cf324595789ca7820160bfd1f8be96e48539/protobuf-5.29.5-cp310-abi3-win32.whl", hash = "sha256:3f1c6468a2cfd102ff4703976138844f78ebd1fb45f49011afc5139e9e283079", size = 422963, upload-time = "2025-05-28T23:51:41.204Z" },
    { url = "https://files.pythonhosted.org/packages/81/7f/73cefb093e1a2a7c3ffd839e6f9fcafb7a427d300c7f8aef9c64405d8ac6/protobuf-5.29.5-cp310-abi3-win_amd64.whl", hash = "sha256:3f76e3a3675b4a4d867b52e4a5f5b78a2ef9565549d4037e06cf7b0942b1d3fc", size = 434818, upload-time = "2025-05-28T23:51:44.297Z" },
    { url = "https://files.pythonhosted.org/packages/dd/73/10e1661c21f139f2c6ad9b23040ff36fee624310dc28fba20d33fdae124c/protobuf-5.29.5-cp38-abi3-macosx_10_9_universal2.whl", hash = "sha256:e38c5add5a311f2a6eb0340716ef9b039c1dfa428b28f25a7838ac329204a671", size = 418091, upload-time = "2025-05-28T23:51:45.907Z" },
    { url = "https://files.pythonhosted.org/packages/6c/04/98f6f8cf5b07ab1294c13f34b4e69b3722bb609c5b701d6c169828f9f8aa/protobuf-5.29.5-cp38-abi3-manylinux2014_aarch64.whl", hash = "sha256:fa18533a299d7ab6c55a238bf8629311439995f2e7eca5caaff08663606e9015", size = 319824, upload-time = "2025-05-28T23:51:47.545Z" },
    { url = "https://files.pythonhosted.org/packages/85/e4/07c80521879c2d15f321465ac24c70efe2381378c00bf5e56a0f4fbac8cd/protobuf-5.29.5-cp38-abi3-manylinux2014_x86_64.whl", hash = "sha256:63848923da3325e1bf7e9003d680ce6e14b07e55d0473253a690c3a8b8fd6e61", size = 319942, upload-time = "2025-05-28T23:51:49.11Z" },
    { url = "https://files.pythonhosted.org/packages/e5/59/ca89678bb0352f094fc92f2b358daa40e3acc91a93aa8f922b24762bf841/protobuf-5.29.5-cp39-cp39-win32.whl", hash = "sha256:6f642dc9a61782fa72b90878af134c5afe1917c89a568cd3476d758d3c3a0736", size = 423025, upload-time = "2025-05-28T23:51:54.003Z" },
    { url = "https://files.pythonhosted.org/packages/96/8b/2c62731fe3e92ddbbeca0174f78f0f8739197cdeb7c75ceb5aad3706963b/protobuf-5.29.5-cp39-cp39-win_amd64.whl", hash = "sha256:470f3af547ef17847a28e1f47200a1cbf0ba3ff57b7de50d22776607cd2ea353", size = 434906, upload-time = "2025-05-28T23:51:55.782Z" },
    { url = "https://files.pythonhosted.org/packages/7e/cc/7e77861000a0691aeea8f4566e5d3aa716f2b1dece4a24439437e41d3d25/protobuf-5.29.5-py3-none-any.whl", hash = "sha256:6cf42630262c59b2d8de33954443d94b746c952b01434fc58a417fdbd2e84bd5", size = 172823, upload-time = "2025-05-28T23:51:58.157Z" },
]

[[package]]
name = "protoletariat"
version = "3.3.10"
source = { registry = "https://pypi.org/simple" }
dependencies = [
    { name = "click", version = "8.1.8", source = { registry = "https://pypi.org/simple" }, marker = "python_full_version < '3.10'" },
    { name = "click", version = "8.3.0", source = { registry = "https://pypi.org/simple" }, marker = "python_full_version >= '3.10'" },
    { name = "protobuf" },
]
sdist = { url = "https://files.pythonhosted.org/packages/36/60/31c8dac4e060bce3f102195409128838fc5830e4e589f7962eb7531b4a27/protoletariat-3.3.10.tar.gz", hash = "sha256:bfa0e663fe4c9e3584101779b8b9f5a77b8af623aa25f680e0559b7d2609039b", size = 20694, upload-time = "2025-03-19T22:39:15.043Z" }
wheels = [
    { url = "https://files.pythonhosted.org/packages/30/6b/d8b8fb09a31f85685d41f63d0d4a807c14aca175c71e17bebcfbf5dc768a/protoletariat-3.3.10-py3-none-any.whl", hash = "sha256:4b0ab790a1791613d9ef1c4159e03424a7f056592ca66578ba585ae96686ee2d", size = 20736, upload-time = "2025-03-19T22:39:13.679Z" },
]

[[package]]
name = "setuptools"
version = "80.9.0"
source = { registry = "https://pypi.org/simple" }
sdist = { url = "https://files.pythonhosted.org/packages/18/5d/3bf57dcd21979b887f014ea83c24ae194cfcd12b9e0fda66b957c69d1fca/setuptools-80.9.0.tar.gz", hash = "sha256:f36b47402ecde768dbfafc46e8e4207b4360c654f1f3bb84475f0a28628fb19c", size = 1319958, upload-time = "2025-05-27T00:56:51.443Z" }
wheels = [
    { url = "https://files.pythonhosted.org/packages/a3/dc/17031897dae0efacfea57dfd3a82fdd2a2aeb58e0ff71b77b87e44edc772/setuptools-80.9.0-py3-none-any.whl", hash = "sha256:062d34222ad13e0cc312a4c02d73f059e86a4acbfbdea8f8f76b28c99f306922", size = 1201486, upload-time = "2025-05-27T00:56:49.664Z" },
]

[[package]]
name = "trading-automation-worker"
version = "0.1.0"
source = { virtual = "." }
dependencies = [
    { name = "grpcio" },
    { name = "grpcio-tools" },
    { name = "mypy-protobuf" },
    { name = "protoletariat" },
    { name = "typing-extensions" },
]

[package.metadata]
requires-dist = [
    { name = "grpcio", specifier = ">=1.68.0,<2" },
    { name = "grpcio-tools", specifier = ">=1.68.0,<2" },
    { name = "mypy-protobuf", specifier = ">=3.6.0,<4" },
    { name = "protoletariat", specifier = ">=3.3.2,<4" },
    { name = "typing-extensions", specifier = ">=4.12.2,<5" },
]

[[package]]
name = "types-protobuf"
version = "6.32.1.20250918"
source = { registry = "https://pypi.org/simple" }
sdist = { url = "https://files.pythonhosted.org/packages/69/5a/bd06c2dbb77ebd4ea764473c9c4c014c7ba94432192cb965a274f8544b9d/types_protobuf-6.32.1.20250918.tar.gz", hash = "sha256:44ce0ae98475909ca72379946ab61a4435eec2a41090821e713c17e8faf5b88f", size = 63780, upload-time = "2025-09-18T02:50:39.391Z" }
wheels = [
    { url = "https://files.pythonhosted.org/packages/37/5a/8d93d4f4af5dc3dd62aa4f020deae746b34b1d94fb5bee1f776c6b7e9d6c/types_protobuf-6.32.1.20250918-py3-none-any.whl", hash = "sha256:22ba6133d142d11cc34d3788ad6dead2732368ebb0406eaa7790ea6ae46c8d0b", size = 77885, upload-time = "2025-09-18T02:50:38.028Z" },
]

[[package]]
name = "typing-extensions"
version = "4.15.0"
source = { registry = "https://pypi.org/simple" }
sdist = { url = "https://files.pythonhosted.org/packages/72/94/1a15dd82efb362ac84269196e94cf00f187f7ed21c242792a923cdb1c61f/typing_extensions-4.15.0.tar.gz", hash = "sha256:0cea48d173cc12fa28ecabc3b837ea3cf6f38c6d1136f85cbaaf598984861466", size = 109391, upload-time = "2025-08-25T13:49:26.313Z" }
wheels = [
    { url = "https://files.pythonhosted.org/packages/18/67/36e9267722cc04a6b9f15c7f3441c2363321a3ea07da7ae0c0707beb2a9c/typing_extensions-4.15.0-py3-none-any.whl", hash = "sha256:f0fa19c6845758ab08074a0cfa8b7aecb71c999ca73d62883bc25cc018c4e548", size = 44614, upload-time = "2025-08-25T13:49:24.86Z" },
]
